
Microsoft Visual Studio Solution File, Format Version 12.00
# Visual Studio Version 16
VisualStudioVersion = 16.0.29009.5
MinimumVisualStudioVersion = 10.0.40219.1
Project("{FAE04EC0-301F-11D3-BF4B-00C04F79EFBC}") = "StringCalculator2", "StringCalculator2\StringCalculator2.csproj", "{C0722AA8-A62E-412B-A498-D98FD6748712}"
EndProject
Project("{FAE04EC0-301F-11D3-BF4B-00C04F79EFBC}") = "TestStringCalculator2", "TestStringCalculator2\TestStringCalculator2.csproj", "{95BA7B99-8277-4688-97BC-416EBA240E8B}"
EndProject
Global
	GlobalSection(SolutionConfigurationPlatforms) = preSolution
		Debug|Any CPU = Debug|Any CPU
		Release|Any CPU = Release|Any CPU
	EndGlobalSection
	GlobalSection(ProjectConfigurationPlatforms) = postSolution
		{C0722AA8-A62E-412B-A498-D98FD6748712}.Debug|Any CPU.ActiveCfg = Debug|Any CPU
		{C0722AA8-A62E-412B-A498-D98FD6748712}.Debug|Any CPU.Build.0 = Debug|Any CPU
		{C0722AA8-A62E-412B-A498-D98FD6748712}.Release|Any CPU.ActiveCfg = Release|Any CPU
		{C0722AA8-A62E-412B-A498-D98FD6748712}.Release|Any CPU.Build.0 = Release|Any CPU
		{95BA7B99-8277-4688-97BC-416EBA240E8B}.Debug|Any CPU.ActiveCfg = Debug|Any CPU
		{95BA7B99-8277-4688-97BC-416EBA240E8B}.Debug|Any CPU.Build.0 = Debug|Any CPU
		{95BA7B99-8277-4688-97BC-416EBA240E8B}.Release|Any CPU.ActiveCfg = Release|Any CPU
		{95BA7B99-8277-4688-97BC-416EBA240E8B}.Release|Any CPU.Build.0 = Release|Any CPU
	EndGlobalSection
	GlobalSection(SolutionProperties) = preSolution
		HideSolutionNode = FALSE
	EndGlobalSection
	GlobalSection(ExtensibilityGlobals) = postSolution
		SolutionGuid = {C3BF65EA-5D7D-4795-AB97-DA8863270C84}
	EndGlobalSection
EndGlobal
